
Microsoft Visual Studio Solution File, Format Version 12.00
# Visual Studio Version 17
VisualStudioVersion = 17.0.32014.148
MinimumVisualStudioVersion = 10.0.40219.1
Project("{FAE04EC0-301F-11D3-BF4B-00C04F79EFBC}") = "RPi-backend", "RPi-backend\RPi-backend.csproj", "{A4DD3C16-5D13-43D9-9EDB-5D9C20A0F806}"
EndProject
Global
	GlobalSection(SolutionConfigurationPlatforms) = preSolution
		Debug|Any CPU = Debug|Any CPU
		Release|Any CPU = Release|Any CPU
	EndGlobalSection
	GlobalSection(ProjectConfigurationPlatforms) = postSolution
		{A4DD3C16-5D13-43D9-9EDB-5D9C20A0F806}.Debug|Any CPU.ActiveCfg = Debug|Any CPU
		{A4DD3C16-5D13-43D9-9EDB-5D9C20A0F806}.Debug|Any CPU.Build.0 = Debug|Any CPU
		{A4DD3C16-5D13-43D9-9EDB-5D9C20A0F806}.Release|Any CPU.ActiveCfg = Release|Any CPU
		{A4DD3C16-5D13-43D9-9EDB-5D9C20A0F806}.Release|Any CPU.Build.0 = Release|Any CPU
	EndGlobalSection
	GlobalSection(SolutionProperties) = preSolution
		HideSolutionNode = FALSE
	EndGlobalSection
	GlobalSection(ExtensibilityGlobals) = postSolution
		SolutionGuid = {D78476DA-6791-413A-BE99-921038A24520}
	EndGlobalSection
EndGlobal
